dependencies:
  idf:
    source:
      type: idf
    version: 5.5.3
  nimble_peripheral_utils:
    dependencies: []
    source:
      path: D:\Env\esp\.espressif\v5.5.3\esp-idf\examples\bluetooth\nimble\common\nimble_peripheral_utils
      type: local
    version: '*'
direct_dependencies:
- nimble_peripheral_utils
manifest_hash: 60f5b09d22c23728a5bc895b06a3e0f3eb71a4a12a527beb1dd467a3c345da36
target: esp32c61
version: 2.0.0
